// !$*UTF8*$!
{
	archiveVersion = 1;
	classes = {
	};
	objectVersion = 56;
	objects = {

/* Begin PBXBuildFile section */
		C5057AB82C343747005291C3 /* SketchbookItemView.swift in Sources */ = {isa = PBXBuildFile; fileRef = C5057AB72C343747005291C3 /* SketchbookItemView.swift */; };
		C5057ABB2C34377E005291C3 /* SpeakingModel.swift in Sources */ = {isa = PBXBuildFile; fileRef = C5057ABA2C34377E005291C3 /* SpeakingModel.swift */; };
		C5057ABF2C34404A005291C3 /* CustomProgessBar.swift in Sources */ = {isa = PBXBuildFile; fileRef = C5057ABE2C34404A005291C3 /* CustomProgessBar.swift */; };
		C5057AC22C345499005291C3 /* SpeakingView.swift in Sources */ = {isa = PBXBuildFile; fileRef = C5057AC12C345499005291C3 /* SpeakingView.swift */; };
		C518F6DA2C4B86B20069C0C1 /* LangageService.swift in Sources */ = {isa = PBXBuildFile; fileRef = C518F6D92C4B86B20069C0C1 /* LangageService.swift */; };
		C518F6DD2C4D08420069C0C1 /* SpeakingData.swift in Sources */ = {isa = PBXBuildFile; fileRef = C518F6DC2C4D08420069C0C1 /* SpeakingData.swift */; };
		C52EC5AA2C313990004F6BDB /* TTSService.swift in Sources */ = {isa = PBXBuildFile; fileRef = C52EC5A92C313990004F6BDB /* TTSService.swift */; };
		C5315E202C12F02B00C96F96 /* STTService.swift in Sources */ = {isa = PBXBuildFile; fileRef = C5315E1F2C12F02B00C96F96 /* STTService.swift */; };
		C55B185D2C3AC615001967AE /* Speaking02View.swift in Sources */ = {isa = PBXBuildFile; fileRef = C55B185C2C3AC615001967AE /* Speaking02View.swift */; };
		C55B185F2C3AC639001967AE /* Speaking02Row.swift in Sources */ = {isa = PBXBuildFile; fileRef = C55B185E2C3AC639001967AE /* Speaking02Row.swift */; };
		C55B18652C3ADBAF001967AE /* Speaking02ViewModel.swift in Sources */ = {isa = PBXBuildFile; fileRef = C55B18642C3ADBAF001967AE /* Speaking02ViewModel.swift */; };
		C5BFDDC42C1818E000DC2CF9 /* GrammarService.swift in Sources */ = {isa = PBXBuildFile; fileRef = C5BFDDC32C1818E000DC2CF9 /* GrammarService.swift */; };
		C5BFDDC62C1AAE4500DC2CF9 /* HintService.swift in Sources */ = {isa = PBXBuildFile; fileRef = C5BFDDC52C1AAE4500DC2CF9 /* HintService.swift */; };
		C5C9C9E72C09BC5A00EF636D /* GoogleGenerativeAI in Frameworks */ = {isa = PBXBuildFile; productRef = C5C9C9E62C09BC5A00EF636D /* GoogleGenerativeAI */; };
		C5C9C9EA2C09BD6200EF636D /* APIKey.swift in Sources */ = {isa = PBXBuildFile; fileRef = C5C9C9E92C09BD6200EF636D /* APIKey.swift */; };
		C5C9C9EC2C09BFF700EF636D /* GenerativeAI-Info.plist in Resources */ = {isa = PBXBuildFile; fileRef = C5C9C9EB2C09BFF700EF636D /* GenerativeAI-Info.plist */; };
		C5C9C9EF2C09C72900EF636D /* ChattingView.swift in Sources */ = {isa = PBXBuildFile; fileRef = C5C9C9EE2C09C72900EF636D /* ChattingView.swift */; };
		C5C9C9F12C09C75F00EF636D /* ChatModel.swift in Sources */ = {isa = PBXBuildFile; fileRef = C5C9C9F02C09C75F00EF636D /* ChatModel.swift */; };
		C5C9C9F32C09C83900EF636D /* ChatBox.swift in Sources */ = {isa = PBXBuildFile; fileRef = C5C9C9F22C09C83900EF636D /* ChatBox.swift */; };
		C5C9C9F52C09C86600EF636D /* ChatService.swift in Sources */ = {isa = PBXBuildFile; fileRef = C5C9C9F42C09C86600EF636D /* ChatService.swift */; };
		C5EB7CF22C4A4E140038C237 /* Alamofire in Frameworks */ = {isa = PBXBuildFile; productRef = C5EB7CF12C4A4E140038C237 /* Alamofire */; };
		C5F22A792C01C01000833AD1 /* KoApp_iOSApp.swift in Sources */ = {isa = PBXBuildFile; fileRef = C5F22A782C01C01000833AD1 /* KoApp_iOSApp.swift */; };
		C5F22A7B2C01C01000833AD1 /* ContentView.swift in Sources */ = {isa = PBXBuildFile; fileRef = C5F22A7A2C01C01000833AD1 /* ContentView.swift */; };
		C5F22A7D2C01C01200833AD1 /* Assets.xcassets in Resources */ = {isa = PBXBuildFile; fileRef = C5F22A7C2C01C01200833AD1 /* Assets.xcassets */; };
		C5F22A802C01C01200833AD1 /* Preview Assets.xcassets in Resources */ = {isa = PBXBuildFile; fileRef = C5F22A7F2C01C01200833AD1 /* Preview Assets.xcassets */; };
		C5FDCAE82C439B3D00F34F44 /* Speaking03View.swift in Sources */ = {isa = PBXBuildFile; fileRef = C5FDCAE72C439B3D00F34F44 /* Speaking03View.swift */; };
		C5FDCAEA2C439B4E00F34F44 /* Speaking03ViewModel.swift in Sources */ = {isa = PBXBuildFile; fileRef = C5FDCAE92C439B4E00F34F44 /* Speaking03ViewModel.swift */; };
		C5FDCAEE2C43A9FA00F34F44 /* CustomFonts.swift in Sources */ = {isa = PBXBuildFile; fileRef = C5FDCAED2C43A9FA00F34F44 /* CustomFonts.swift */; };
		C5FDCAF02C43AEA400F34F44 /* Speaking04View.swift in Sources */ = {isa = PBXBuildFile; fileRef = C5FDCAEF2C43AEA400F34F44 /* Speaking04View.swift */; };
		C5FDCAF22C442A8800F34F44 /* TranslateService.swift in Sources */ = {isa = PBXBuildFile; fileRef = C5FDCAF12C442A8800F34F44 /* TranslateService.swift */; };
/* End PBXBuildFile section */

/* Begin PBXFileReference section */
		C5057AB72C343747005291C3 /* SketchbookItemView.swift */ = {isa = PBXFileReference; lastKnownFileType = sourcecode.swift; path = SketchbookItemView.swift; sourceTree = "<group>"; };
		C5057ABA2C34377E005291C3 /* SpeakingModel.swift */ = {isa = PBXFileReference; lastKnownFileType = sourcecode.swift; path = SpeakingModel.swift; sourceTree = "<group>"; };
		C5057ABE2C34404A005291C3 /* CustomProgessBar.swift */ = {isa = PBXFileReference; lastKnownFileType = sourcecode.swift; path = CustomProgessBar.swift; sourceTree = "<group>"; };
		C5057AC12C345499005291C3 /* SpeakingView.swift */ = {isa = PBXFileReference; lastKnownFileType = sourcecode.swift; path = SpeakingView.swift; sourceTree = "<group>"; };
		C518F6D92C4B86B20069C0C1 /* LangageService.swift */ = {isa = PBXFileReference; lastKnownFileType = sourcecode.swift; path = LangageService.swift; sourceTree = "<group>"; };
		C518F6DC2C4D08420069C0C1 /* SpeakingData.swift */ = {isa = PBXFileReference; lastKnownFileType = sourcecode.swift; path = SpeakingData.swift; sourceTree = "<group>"; };
		C52EC5A92C313990004F6BDB /* TTSService.swift */ = {isa = PBXFileReference; lastKnownFileType = sourcecode.swift; path = TTSService.swift; sourceTree = "<group>"; };
		C5315E1F2C12F02B00C96F96 /* STTService.swift */ = {isa = PBXFileReference; lastKnownFileType = sourcecode.swift; path = STTService.swift; sourceTree = "<group>"; };
		C5315E212C135CDB00C96F96 /* Info.plist */ = {isa = PBXFileReference; lastKnownFileType = text.plist; path = Info.plist; sourceTree = "<group>"; };
		C55B185C2C3AC615001967AE /* Speaking02View.swift */ = {isa = PBXFileReference; lastKnownFileType = sourcecode.swift; path = Speaking02View.swift; sourceTree = "<group>"; };
		C55B185E2C3AC639001967AE /* Speaking02Row.swift */ = {isa = PBXFileReference; lastKnownFileType = sourcecode.swift; path = Speaking02Row.swift; sourceTree = "<group>"; };
		C55B18642C3ADBAF001967AE /* Speaking02ViewModel.swift */ = {isa = PBXFileReference; lastKnownFileType = sourcecode.swift; path = Speaking02ViewModel.swift; sourceTree = "<group>"; };
		C5BFDDC32C1818E000DC2CF9 /* GrammarService.swift */ = {isa = PBXFileReference; lastKnownFileType = sourcecode.swift; path = GrammarService.swift; sourceTree = "<group>"; };
		C5BFDDC52C1AAE4500DC2CF9 /* HintService.swift */ = {isa = PBXFileReference; lastKnownFileType = sourcecode.swift; path = HintService.swift; sourceTree = "<group>"; };
		C5C9C9E92C09BD6200EF636D /* APIKey.swift */ = {isa = PBXFileReference; lastKnownFileType = sourcecode.swift; path = APIKey.swift; sourceTree = "<group>"; };
		C5C9C9EB2C09BFF700EF636D /* GenerativeAI-Info.plist */ = {isa = PBXFileReference; lastKnownFileType = text.plist.xml; path = "GenerativeAI-Info.plist"; sourceTree = "<group>"; };
		C5C9C9EE2C09C72900EF636D /* ChattingView.swift */ = {isa = PBXFileReference; lastKnownFileType = sourcecode.swift; path = ChattingView.swift; sourceTree = "<group>"; };
		C5C9C9F02C09C75F00EF636D /* ChatModel.swift */ = {isa = PBXFileReference; lastKnownFileType = sourcecode.swift; path = ChatModel.swift; sourceTree = "<group>"; };
		C5C9C9F22C09C83900EF636D /* ChatBox.swift */ = {isa = PBXFileReference; lastKnownFileType = sourcecode.swift; path = ChatBox.swift; sourceTree = "<group>"; };
		C5C9C9F42C09C86600EF636D /* ChatService.swift */ = {isa = PBXFileReference; lastKnownFileType = sourcecode.swift; path = ChatService.swift; sourceTree = "<group>"; };
		C5F22A752C01C01000833AD1 /* KoApp-iOS.app */ = {isa = PBXFileReference; explicitFileType = wrapper.application; includeInIndex = 0; path = "KoApp-iOS.app"; sourceTree = BUILT_PRODUCTS_DIR; };
		C5F22A782C01C01000833AD1 /* KoApp_iOSApp.swift */ = {isa = PBXFileReference; lastKnownFileType = sourcecode.swift; path = KoApp_iOSApp.swift; sourceTree = "<group>"; };
		C5F22A7A2C01C01000833AD1 /* ContentView.swift */ = {isa = PBXFileReference; lastKnownFileType = sourcecode.swift; path = ContentView.swift; sourceTree = "<group>"; };
		C5F22A7C2C01C01200833AD1 /* Assets.xcassets */ = {isa = PBXFileReference; lastKnownFileType = folder.assetcatalog; path = Assets.xcassets; sourceTree = "<group>"; };
		C5F22A7F2C01C01200833AD1 /* Preview Assets.xcassets */ = {isa = PBXFileReference; lastKnownFileType = folder.assetcatalog; path = "Preview Assets.xcassets"; sourceTree = "<group>"; };
		C5FDCAE72C439B3D00F34F44 /* Speaking03View.swift */ = {isa = PBXFileReference; lastKnownFileType = sourcecode.swift; path = Speaking03View.swift; sourceTree = "<group>"; };
		C5FDCAE92C439B4E00F34F44 /* Speaking03ViewModel.swift */ = {isa = PBXFileReference; lastKnownFileType = sourcecode.swift; path = Speaking03ViewModel.swift; sourceTree = "<group>"; };
		C5FDCAED2C43A9FA00F34F44 /* CustomFonts.swift */ = {isa = PBXFileReference; lastKnownFileType = sourcecode.swift; path = CustomFonts.swift; sourceTree = "<group>"; };
		C5FDCAEF2C43AEA400F34F44 /* Speaking04View.swift */ = {isa = PBXFileReference; lastKnownFileType = sourcecode.swift; path = Speaking04View.swift; sourceTree = "<group>"; };
		C5FDCAF12C442A8800F34F44 /* TranslateService.swift */ = {isa = PBXFileReference; lastKnownFileType = sourcecode.swift; path = TranslateService.swift; sourceTree = "<group>"; };
/* End PBXFileReference section */

/* Begin PBXFrameworksBuildPhase section */
		C5F22A722C01C01000833AD1 /* Frameworks */ = {
			isa = PBXFrameworksBuildPhase;
			buildActionMask = 2147483647;
			files = (
				C5C9C9E72C09BC5A00EF636D /* GoogleGenerativeAI in Frameworks */,
				C5EB7CF22C4A4E140038C237 /* Alamofire in Frameworks */,
			);
			runOnlyForDeploymentPostprocessing = 0;
		};
/* End PBXFrameworksBuildPhase section */

/* Begin PBXGroup section */
		C5057AB52C3436DD005291C3 /* Speaking */ = {
			isa = PBXGroup;
			children = (
				C518F6DB2C4D08290069C0C1 /* Data */,
				C55B18632C3ADB94001967AE /* ViewModel */,
				C5057AC02C345488005291C3 /* View */,
				C5057AB92C343771005291C3 /* Model */,
				C5057AB62C3436FD005291C3 /* Helper */,
			);
			path = Speaking;
			sourceTree = "<group>";
		};
		C5057AB62C3436FD005291C3 /* Helper */ = {
			isa = PBXGroup;
			children = (
				C5057AB72C343747005291C3 /* SketchbookItemView.swift */,
				C55B185E2C3AC639001967AE /* Speaking02Row.swift */,
			);
			path = Helper;
			sourceTree = "<group>";
		};
		C5057AB92C343771005291C3 /* Model */ = {
			isa = PBXGroup;
			children = (
				C5057ABA2C34377E005291C3 /* SpeakingModel.swift */,
			);
			path = Model;
			sourceTree = "<group>";
		};
		C5057ABC2C34402B005291C3 /* Common */ = {
			isa = PBXGroup;
			children = (
				C518F6D82C4B86930069C0C1 /* Service */,
				C5057ABD2C344033005291C3 /* Helper */,
			);
			path = Common;
			sourceTree = "<group>";
		};
		C5057ABD2C344033005291C3 /* Helper */ = {
			isa = PBXGroup;
			children = (
				C5057ABE2C34404A005291C3 /* CustomProgessBar.swift */,
			);
			path = Helper;
			sourceTree = "<group>";
		};
		C5057AC02C345488005291C3 /* View */ = {
			isa = PBXGroup;
			children = (
				C5057AC12C345499005291C3 /* SpeakingView.swift */,
				C55B185C2C3AC615001967AE /* Speaking02View.swift */,
				C5FDCAE72C439B3D00F34F44 /* Speaking03View.swift */,
				C5FDCAEF2C43AEA400F34F44 /* Speaking04View.swift */,
			);
			path = View;
			sourceTree = "<group>";
		};
		C518F6D82C4B86930069C0C1 /* Service */ = {
			isa = PBXGroup;
			children = (
				C518F6D92C4B86B20069C0C1 /* LangageService.swift */,
			);
			path = Service;
			sourceTree = "<group>";
		};
		C518F6DB2C4D08290069C0C1 /* Data */ = {
			isa = PBXGroup;
			children = (
				C518F6DC2C4D08420069C0C1 /* SpeakingData.swift */,
			);
			path = Data;
			sourceTree = "<group>";
		};
		C53A34B32C380E41008A88F0 /* View */ = {
			isa = PBXGroup;
			children = (
				C5C9C9EE2C09C72900EF636D /* ChattingView.swift */,
			);
			path = View;
			sourceTree = "<group>";
		};
		C53A34B42C380E4A008A88F0 /* Model */ = {
			isa = PBXGroup;
			children = (
				C5C9C9F02C09C75F00EF636D /* ChatModel.swift */,
			);
			path = Model;
			sourceTree = "<group>";
		};
		C53A34B52C380E53008A88F0 /* Helper */ = {
			isa = PBXGroup;
			children = (
				C5C9C9F22C09C83900EF636D /* ChatBox.swift */,
			);
			path = Helper;
			sourceTree = "<group>";
		};
		C53A34B62C380E7B008A88F0 /* Service */ = {
			isa = PBXGroup;
			children = (
				C5C9C9F42C09C86600EF636D /* ChatService.swift */,
				C52EC5A92C313990004F6BDB /* TTSService.swift */,
				C5315E1F2C12F02B00C96F96 /* STTService.swift */,
				C5BFDDC32C1818E000DC2CF9 /* GrammarService.swift */,
				C5BFDDC52C1AAE4500DC2CF9 /* HintService.swift */,
				C5FDCAF12C442A8800F34F44 /* TranslateService.swift */,
			);
			path = Service;
			sourceTree = "<group>";
		};
		C55B18632C3ADB94001967AE /* ViewModel */ = {
			isa = PBXGroup;
			children = (
				C55B18642C3ADBAF001967AE /* Speaking02ViewModel.swift */,
				C5FDCAE92C439B4E00F34F44 /* Speaking03ViewModel.swift */,
			);
			path = ViewModel;
			sourceTree = "<group>";
		};
		C5C9C9E82C09BD5200EF636D /* APIKey */ = {
			isa = PBXGroup;
			children = (
				C5C9C9E92C09BD6200EF636D /* APIKey.swift */,
				C5C9C9EB2C09BFF700EF636D /* GenerativeAI-Info.plist */,
			);
			path = APIKey;
			sourceTree = "<group>";
		};
		C5C9C9ED2C09C6C300EF636D /* Chatting */ = {
			isa = PBXGroup;
			children = (
				C53A34B42C380E4A008A88F0 /* Model */,
				C53A34B32C380E41008A88F0 /* View */,
				C53A34B52C380E53008A88F0 /* Helper */,
				C53A34B62C380E7B008A88F0 /* Service */,
			);
			path = Chatting;
			sourceTree = "<group>";
		};
		C5F22A6C2C01C01000833AD1 = {
			isa = PBXGroup;
			children = (
				C5F22A772C01C01000833AD1 /* KoApp-iOS */,
				C5F22A762C01C01000833AD1 /* Products */,
			);
			sourceTree = "<group>";
		};
		C5F22A762C01C01000833AD1 /* Products */ = {
			isa = PBXGroup;
			children = (
				C5F22A752C01C01000833AD1 /* KoApp-iOS.app */,
			);
			name = Products;
			sourceTree = "<group>";
		};
		C5F22A772C01C01000833AD1 /* KoApp-iOS */ = {
			isa = PBXGroup;
			children = (
				C5057ABC2C34402B005291C3 /* Common */,
				C5057AB52C3436DD005291C3 /* Speaking */,
				C5315E212C135CDB00C96F96 /* Info.plist */,
				C5C9C9ED2C09C6C300EF636D /* Chatting */,
				C5C9C9E82C09BD5200EF636D /* APIKey */,
				C5F22A782C01C01000833AD1 /* KoApp_iOSApp.swift */,
				C5F22A7A2C01C01000833AD1 /* ContentView.swift */,
				C5FDCAEC2C43A9C800F34F44 /* Resources */,
				C5F22A7E2C01C01200833AD1 /* Preview Content */,
			);
			path = "KoApp-iOS";
			sourceTree = "<group>";
		};
		C5F22A7E2C01C01200833AD1 /* Preview Content */ = {
			isa = PBXGroup;
			children = (
				C5F22A7F2C01C01200833AD1 /* Preview Assets.xcassets */,
			);
			path = "Preview Content";
			sourceTree = "<group>";
		};
		C5FDCAEC2C43A9C800F34F44 /* Resources */ = {
			isa = PBXGroup;
			children = (
				C5F22A7C2C01C01200833AD1 /* Assets.xcassets */,
				C5FDCAED2C43A9FA00F34F44 /* CustomFonts.swift */,
			);
			path = Resources;
			sourceTree = "<group>";
		};
/* End PBXGroup section */

/* Begin PBXNativeTarget section */
		C5F22A742C01C01000833AD1 /* KoApp-iOS */ = {
			isa = PBXNativeTarget;
			buildConfigurationList = C5F22A832C01C01200833AD1 /* Build configuration list for PBXNativeTarget "KoApp-iOS" */;
			buildPhases = (
				C5F22A712C01C01000833AD1 /* Sources */,
				C5F22A722C01C01000833AD1 /* Frameworks */,
				C5F22A732C01C01000833AD1 /* Resources */,
			);
			buildRules = (
			);
			dependencies = (
			);
			name = "KoApp-iOS";
			packageProductDependencies = (
				C5C9C9E62C09BC5A00EF636D /* GoogleGenerativeAI */,
				C5EB7CF12C4A4E140038C237 /* Alamofire */,
			);
			productName = "KoApp-iOS";
			productReference = C5F22A752C01C01000833AD1 /* KoApp-iOS.app */;
			productType = "com.apple.product-type.application";
		};
/* End PBXNativeTarget section */

/* Begin PBXProject section */
		C5F22A6D2C01C01000833AD1 /* Project object */ = {
			isa = PBXProject;
			attributes = {
				BuildIndependentTargetsInParallel = 1;
				LastSwiftUpdateCheck = 1540;
				LastUpgradeCheck = 1540;
				TargetAttributes = {
					C5F22A742C01C01000833AD1 = {
						CreatedOnToolsVersion = 15.4;
					};
				};
			};
			buildConfigurationList = C5F22A702C01C01000833AD1 /* Build configuration list for PBXProject "KoApp-iOS" */;
			compatibilityVersion = "Xcode 14.0";
			developmentRegion = ko;
			hasScannedForEncodings = 0;
			knownRegions = (
				en,
				Base,
				ko,
			);
			mainGroup = C5F22A6C2C01C01000833AD1;
			packageReferences = (
				C5C9C9E52C09BC5A00EF636D /* XCRemoteSwiftPackageReference "generative-ai-swift" */,
				C5EB7CF02C4A4E140038C237 /* XCRemoteSwiftPackageReference "Alamofire" */,
			);
			productRefGroup = C5F22A762C01C01000833AD1 /* Products */;
			projectDirPath = "";
			projectRoot = "";
			targets = (
				C5F22A742C01C01000833AD1 /* KoApp-iOS */,
			);
		};
/* End PBXProject section */

/* Begin PBXResourcesBuildPhase section */
		C5F22A732C01C01000833AD1 /* Resources */ = {
			isa = PBXResourcesBuildPhase;
			buildActionMask = 2147483647;
			files = (
				C5F22A802C01C01200833AD1 /* Preview Assets.xcassets in Resources */,
				C5F22A7D2C01C01200833AD1 /* Assets.xcassets in Resources */,
				C5C9C9EC2C09BFF700EF636D /* GenerativeAI-Info.plist in Resources */,
			);
			runOnlyForDeploymentPostprocessing = 0;
		};
/* End PBXResourcesBuildPhase section */

/* Begin PBXSourcesBuildPhase section */
		C5F22A712C01C01000833AD1 /* Sources */ = {
			isa = PBXSourcesBuildPhase;
			buildActionMask = 2147483647;
			files = (
				C5FDCAE82C439B3D00F34F44 /* Speaking03View.swift in Sources */,
				C5F22A7B2C01C01000833AD1 /* ContentView.swift in Sources */,
				C518F6DD2C4D08420069C0C1 /* SpeakingData.swift in Sources */,
				C52EC5AA2C313990004F6BDB /* TTSService.swift in Sources */,
				C5C9C9EA2C09BD6200EF636D /* APIKey.swift in Sources */,
				C5BFDDC62C1AAE4500DC2CF9 /* HintService.swift in Sources */,
				C5FDCAEA2C439B4E00F34F44 /* Speaking03ViewModel.swift in Sources */,
				C5C9C9F52C09C86600EF636D /* ChatService.swift in Sources */,
				C5C9C9F12C09C75F00EF636D /* ChatModel.swift in Sources */,
				C55B18652C3ADBAF001967AE /* Speaking02ViewModel.swift in Sources */,
				C5FDCAEE2C43A9FA00F34F44 /* CustomFonts.swift in Sources */,
				C5057AC22C345499005291C3 /* SpeakingView.swift in Sources */,
				C5057AB82C343747005291C3 /* SketchbookItemView.swift in Sources */,
				C5315E202C12F02B00C96F96 /* STTService.swift in Sources */,
				C5F22A792C01C01000833AD1 /* KoApp_iOSApp.swift in Sources */,
				C5C9C9EF2C09C72900EF636D /* ChattingView.swift in Sources */,
				C518F6DA2C4B86B20069C0C1 /* LangageService.swift in Sources */,
				C5C9C9F32C09C83900EF636D /* ChatBox.swift in Sources */,
				C5FDCAF02C43AEA400F34F44 /* Speaking04View.swift in Sources */,
				C5BFDDC42C1818E000DC2CF9 /* GrammarService.swift in Sources */,
				C5057ABB2C34377E005291C3 /* SpeakingModel.swift in Sources */,
				C55B185F2C3AC639001967AE /* Speaking02Row.swift in Sources */,
				C55B185D2C3AC615001967AE /* Speaking02View.swift in Sources */,
				C5FDCAF22C442A8800F34F44 /* TranslateService.swift in Sources */,
				C5057ABF2C34404A005291C3 /* CustomProgessBar.swift in Sources */,
			);
			runOnlyForDeploymentPostprocessing = 0;
		};
/* End PBXSourcesBuildPhase section */

/* Begin XCBuildConfiguration section */
		C5F22A812C01C01200833AD1 /* Debug */ = {
			isa = XCBuildConfiguration;
			buildSettings = {
				ALWAYS_SEARCH_USER_PATHS = NO;
				ASSETCATALOG_COMPILER_GENERATE_SWIFT_ASSET_SYMBOL_EXTENSIONS = YES;
				CLANG_ANALYZER_NONNULL = YES;
				CLANG_ANALYZER_NUMBER_OBJECT_CONVERSION = YES_AGGRESSIVE;
				CLANG_CXX_LANGUAGE_STANDARD = "gnu++20";
				CLANG_ENABLE_MODULES = YES;
				CLANG_ENABLE_OBJC_ARC = YES;
				CLANG_ENABLE_OBJC_WEAK = YES;
				CLANG_WARN_BLOCK_CAPTURE_AUTORELEASING = YES;
				CLANG_WARN_BOOL_CONVERSION = YES;
				CLANG_WARN_COMMA = YES;
				CLANG_WARN_CONSTANT_CONVERSION = YES;
				CLANG_WARN_DEPRECATED_OBJC_IMPLEMENTATIONS = YES;
				CLANG_WARN_DIRECT_OBJC_ISA_USAGE = YES_ERROR;
				CLANG_WARN_DOCUMENTATION_COMMENTS = YES;
				CLANG_WARN_EMPTY_BODY = YES;
				CLANG_WARN_ENUM_CONVERSION = YES;
				CLANG_WARN_INFINITE_RECURSION = YES;
				CLANG_WARN_INT_CONVERSION = YES;
				CLANG_WARN_NON_LITERAL_NULL_CONVERSION = YES;
				CLANG_WARN_OBJC_IMPLICIT_RETAIN_SELF = YES;
				CLANG_WARN_OBJC_LITERAL_CONVERSION = YES;
				CLANG_WARN_OBJC_ROOT_CLASS = YES_ERROR;
				CLANG_WARN_QUOTED_INCLUDE_IN_FRAMEWORK_HEADER = YES;
				CLANG_WARN_RANGE_LOOP_ANALYSIS = YES;
				CLANG_WARN_STRICT_PROTOTYPES = YES;
				CLANG_WARN_SUSPICIOUS_MOVE = YES;
				CLANG_WARN_UNGUARDED_AVAILABILITY = YES_AGGRESSIVE;
				CLANG_WARN_UNREACHABLE_CODE = YES;
				CLANG_WARN__DUPLICATE_METHOD_MATCH = YES;
				COPY_PHASE_STRIP = NO;
				DEBUG_INFORMATION_FORMAT = dwarf;
				ENABLE_STRICT_OBJC_MSGSEND = YES;
				ENABLE_TESTABILITY = YES;
				ENABLE_USER_SCRIPT_SANDBOXING = YES;
				GCC_C_LANGUAGE_STANDARD = gnu17;
				GCC_DYNAMIC_NO_PIC = NO;
				GCC_NO_COMMON_BLOCKS = YES;
				GCC_OPTIMIZATION_LEVEL = 0;
				GCC_PREPROCESSOR_DEFINITIONS = (
					"DEBUG=1",
					"$(inherited)",
				);
				GCC_WARN_64_TO_32_BIT_CONVERSION = YES;
				GCC_WARN_ABOUT_RETURN_TYPE = YES_ERROR;
				GCC_WARN_UNDECLARED_SELECTOR = YES;
				GCC_WARN_UNINITIALIZED_AUTOS = YES_AGGRESSIVE;
				GCC_WARN_UNUSED_FUNCTION = YES;
				GCC_WARN_UNUSED_VARIABLE = YES;
				IPHONEOS_DEPLOYMENT_TARGET = 17.5;
				LOCALIZATION_PREFERS_STRING_CATALOGS = YES;
				MTL_ENABLE_DEBUG_INFO = INCLUDE_SOURCE;
				MTL_FAST_MATH = YES;
				ONLY_ACTIVE_ARCH = YES;
				SDKROOT = iphoneos;
				SWIFT_ACTIVE_COMPILATION_CONDITIONS = "DEBUG $(inherited)";
				SWIFT_OPTIMIZATION_LEVEL = "-Onone";
			};
			name = Debug;
		};
		C5F22A822C01C01200833AD1 /* Release */ = {
			isa = XCBuildConfiguration;
			buildSettings = {
				ALWAYS_SEARCH_USER_PATHS = NO;
				ASSETCATALOG_COMPILER_GENERATE_SWIFT_ASSET_SYMBOL_EXTENSIONS = YES;
				CLANG_ANALYZER_NONNULL = YES;
				CLANG_ANALYZER_NUMBER_OBJECT_CONVERSION = YES_AGGRESSIVE;
				CLANG_CXX_LANGUAGE_STANDARD = "gnu++20";
				CLANG_ENABLE_MODULES = YES;
				CLANG_ENABLE_OBJC_ARC = YES;
				CLANG_ENABLE_OBJC_WEAK = YES;
				CLANG_WARN_BLOCK_CAPTURE_AUTORELEASING = YES;
				CLANG_WARN_BOOL_CONVERSION = YES;
				CLANG_WARN_COMMA = YES;
				CLANG_WARN_CONSTANT_CONVERSION = YES;
				CLANG_WARN_DEPRECATED_OBJC_IMPLEMENTATIONS = YES;
				CLANG_WARN_DIRECT_OBJC_ISA_USAGE = YES_ERROR;
				CLANG_WARN_DOCUMENTATION_COMMENTS = YES;
				CLANG_WARN_EMPTY_BODY = YES;
				CLANG_WARN_ENUM_CONVERSION = YES;
				CLANG_WARN_INFINITE_RECURSION = YES;
				CLANG_WARN_INT_CONVERSION = YES;
				CLANG_WARN_NON_LITERAL_NULL_CONVERSION = YES;
				CLANG_WARN_OBJC_IMPLICIT_RETAIN_SELF = YES;
				CLANG_WARN_OBJC_LITERAL_CONVERSION = YES;
				CLANG_WARN_OBJC_ROOT_CLASS = YES_ERROR;
				CLANG_WARN_QUOTED_INCLUDE_IN_FRAMEWORK_HEADER = YES;
				CLANG_WARN_RANGE_LOOP_ANALYSIS = YES;
				CLANG_WARN_STRICT_PROTOTYPES = YES;
				CLANG_WARN_SUSPICIOUS_MOVE = YES;
				CLANG_WARN_UNGUARDED_AVAILABILITY = YES_AGGRESSIVE;
				CLANG_WARN_UNREACHABLE_CODE = YES;
				CLANG_WARN__DUPLICATE_METHOD_MATCH = YES;
				COPY_PHASE_STRIP = NO;
				DEBUG_INFORMATION_FORMAT = "dwarf-with-dsym";
				ENABLE_NS_ASSERTIONS = NO;
				ENABLE_STRICT_OBJC_MSGSEND = YES;
				ENABLE_USER_SCRIPT_SANDBOXING = YES;
				GCC_C_LANGUAGE_STANDARD = gnu17;
				GCC_NO_COMMON_BLOCKS = YES;
				GCC_WARN_64_TO_32_BIT_CONVERSION = YES;
				GCC_WARN_ABOUT_RETURN_TYPE = YES_ERROR;
				GCC_WARN_UNDECLARED_SELECTOR = YES;
				GCC_WARN_UNINITIALIZED_AUTOS = YES_AGGRESSIVE;
				GCC_WARN_UNUSED_FUNCTION = YES;
				GCC_WARN_UNUSED_VARIABLE = YES;
				IPHONEOS_DEPLOYMENT_TARGET = 17.5;
				LOCALIZATION_PREFERS_STRING_CATALOGS = YES;
				MTL_ENABLE_DEBUG_INFO = NO;
				MTL_FAST_MATH = YES;
				SDKROOT = iphoneos;
				SWIFT_COMPILATION_MODE = wholemodule;
				VALIDATE_PRODUCT = YES;
			};
			name = Release;
		};
		C5F22A842C01C01200833AD1 /* Debug */ = {
			isa = XCBuildConfiguration;
			buildSettings = {
				ASSETCATALOG_COMPILER_APPICON_NAME = AppIcon;
				ASSETCATALOG_COMPILER_GLOBAL_ACCENT_COLOR_NAME = AccentColor;
				CODE_SIGN_STYLE = Automatic;
				CURRENT_PROJECT_VERSION = 1;
				DEVELOPMENT_ASSET_PATHS = "\"KoApp-iOS/Preview Content\"";
				DEVELOPMENT_TEAM = ZUGAVD3728;
				ENABLE_PREVIEWS = YES;
				GENERATE_INFOPLIST_FILE = YES;
				INFOPLIST_FILE = "KoApp-iOS/Info.plist";
				INFOPLIST_KEY_CFBundleDisplayName = "쾁!";
				INFOPLIST_KEY_LSApplicationCategoryType = "public.app-category.education";
				INFOPLIST_KEY_NSMicrophoneUsageDescription = "말하기 연습을 할 때 마이크 기능을 사용해요.";
				INFOPLIST_KEY_NSSpeechRecognitionUsageDescription = "말하기 연습을 위해 음성 인식 기능이 필요해요";
				INFOPLIST_KEY_UIApplicationSceneManifest_Generation = YES;
				INFOPLIST_KEY_UIApplicationSupportsIndirectInputEvents = YES;
				INFOPLIST_KEY_UILaunchScreen_Generation = YES;
				INFOPLIST_KEY_UISupportedInterfaceOrientations_iPad = "UIInterfaceOrientationPortrait UIInterfaceOrientationPortraitUpsideDown UIInterfaceOrientationLandscapeLeft UIInterfaceOrientationLandscapeRight";
				INFOPLIST_KEY_UISupportedInterfaceOrientations_iPhone = "UIInterfaceOrientationPortrait UIInterfaceOrientationLandscapeLeft UIInterfaceOrientationLandscapeRight";
				IPHONEOS_DEPLOYMENT_TARGET = 17.0;
				LD_RUNPATH_SEARCH_PATHS = (
					"$(inherited)",
					"@executable_path/Frameworks",
				);
				MARKETING_VERSION = 1.0;
				PRODUCT_BUNDLE_IDENTIFIER = "com.dagachi.KoApp-iOS";
				PRODUCT_NAME = "$(TARGET_NAME)";
				SWIFT_EMIT_LOC_STRINGS = YES;
				SWIFT_VERSION = 5.0;
				TARGETED_DEVICE_FAMILY = "1,2";
			};
			name = Debug;
		};
		C5F22A852C01C01200833AD1 /* Release */ = {
			isa = XCBuildConfiguration;
			buildSettings = {
				ASSETCATALOG_COMPILER_APPICON_NAME = AppIcon;
				ASSETCATALOG_COMPILER_GLOBAL_ACCENT_COLOR_NAME = AccentColor;
				CODE_SIGN_STYLE = Automatic;
				CURRENT_PROJECT_VERSION = 1;
				DEVELOPMENT_ASSET_PATHS = "\"KoApp-iOS/Preview Content\"";
				DEVELOPMENT_TEAM = ZUGAVD3728;
				ENABLE_PREVIEWS = YES;
				GENERATE_INFOPLIST_FILE = YES;
				INFOPLIST_FILE = "KoApp-iOS/Info.plist";
				INFOPLIST_KEY_CFBundleDisplayName = "쾁!";
				INFOPLIST_KEY_LSApplicationCategoryType = "public.app-category.education";
				INFOPLIST_KEY_NSMicrophoneUsageDescription = "말하기 연습을 할 때 마이크 기능을 사용해요.";
				INFOPLIST_KEY_NSSpeechRecognitionUsageDescription = "말하기 연습을 위해 음성 인식 기능이 필요해요";
				INFOPLIST_KEY_UIApplicationSceneManifest_Generation = YES;
				INFOPLIST_KEY_UIApplicationSupportsIndirectInputEvents = YES;
				INFOPLIST_KEY_UILaunchScreen_Generation = YES;
				INFOPLIST_KEY_UISupportedInterfaceOrientations_iPad = "UIInterfaceOrientationPortrait UIInterfaceOrientationPortraitUpsideDown UIInterfaceOrientationLandscapeLeft UIInterfaceOrientationLandscapeRight";
				INFOPLIST_KEY_UISupportedInterfaceOrientations_iPhone = "UIInterfaceOrientationPortrait UIInterfaceOrientationLandscapeLeft UIInterfaceOrientationLandscapeRight";
				IPHONEOS_DEPLOYMENT_TARGET = 17.0;
				LD_RUNPATH_SEARCH_PATHS = (
					"$(inherited)",
					"@executable_path/Frameworks",
				);
				MARKETING_VERSION = 1.0;
				PRODUCT_BUNDLE_IDENTIFIER = "com.dagachi.KoApp-iOS";
				PRODUCT_NAME = "$(TARGET_NAME)";
				SWIFT_EMIT_LOC_STRINGS = YES;
				SWIFT_VERSION = 5.0;
				TARGETED_DEVICE_FAMILY = "1,2";
			};
			name = Release;
		};
/* End XCBuildConfiguration section */

/* Begin XCConfigurationList section */
		C5F22A702C01C01000833AD1 /* Build configuration list for PBXProject "KoApp-iOS" */ = {
			isa = XCConfigurationList;
			buildConfigurations = (
				C5F22A812C01C01200833AD1 /* Debug */,
				C5F22A822C01C01200833AD1 /* Release */,
			);
			defaultConfigurationIsVisible = 0;
			defaultConfigurationName = Release;
		};
		C5F22A832C01C01200833AD1 /* Build configuration list for PBXNativeTarget "KoApp-iOS" */ = {
			isa = XCConfigurationList;
			buildConfigurations = (
				C5F22A842C01C01200833AD1 /* Debug */,
				C5F22A852C01C01200833AD1 /* Release */,
			);
			defaultConfigurationIsVisible = 0;
			defaultConfigurationName = Release;
		};
/* End XCConfigurationList section */

/* Begin XCRemoteSwiftPackageReference section */
		C5C9C9E52C09BC5A00EF636D /* XCRemoteSwiftPackageReference "generative-ai-swift" */ = {
			isa = XCRemoteSwiftPackageReference;
			repositoryURL = "https://github.com/google/generative-ai-swift";
			requirement = {
				kind = upToNextMajorVersion;
				minimumVersion = 0.5.4;
			};
		};
		C5EB7CF02C4A4E140038C237 /* XCRemoteSwiftPackageReference "Alamofire" */ = {
			isa = XCRemoteSwiftPackageReference;
			repositoryURL = "https://github.com/Alamofire/Alamofire.git";
			requirement = {
				kind = upToNextMajorVersion;
				minimumVersion = 5.9.1;
			};
		};
/* End XCRemoteSwiftPackageReference section */

/* Begin XCSwiftPackageProductDependency section */
		C5C9C9E62C09BC5A00EF636D /* GoogleGenerativeAI */ = {
			isa = XCSwiftPackageProductDependency;
			package = C5C9C9E52C09BC5A00EF636D /* XCRemoteSwiftPackageReference "generative-ai-swift" */;
			productName = GoogleGenerativeAI;
		};
		C5EB7CF12C4A4E140038C237 /* Alamofire */ = {
			isa = XCSwiftPackageProductDependency;
			package = C5EB7CF02C4A4E140038C237 /* XCRemoteSwiftPackageReference "Alamofire" */;
			productName = Alamofire;
		};
/* End XCSwiftPackageProductDependency section */
	};
	rootObject = C5F22A6D2C01C01000833AD1 /* Project object */;
}
